
Microsoft Visual Studio Solution File, Format Version 12.00
# Visual Studio 15
VisualStudioVersion = 15.0.27428.2015
MinimumVisualStudioVersion = 10.0.40219.1
Project("{FAE04EC0-301F-11D3-BF4B-00C04F79EFBC}") = "QuoteApp.Android", "QuoteApp\QuoteApp.Android\QuoteApp.Android.csproj", "{6930FCD2-449E-46D0-BDA3-7F3ED07DBD72}"
EndProject
Project("{FAE04EC0-301F-11D3-BF4B-00C04F79EFBC}") = "QuoteApp.iOS", "QuoteApp\QuoteApp.iOS\QuoteApp.iOS.csproj", "{EFDD2116-0346-41B7-B7CB-79293619C4BA}"
EndProject
Project("{FAE04EC0-301F-11D3-BF4B-00C04F79EFBC}") = "QuoteApp.UWP", "QuoteApp\QuoteApp.UWP\QuoteApp.UWP.csproj", "{E5D70FB0-3A55-446A-9BD1-48E52C8AFC65}"
EndProject
Project("{D954291E-2A0B-460D-934E-DC6B0785DB48}") = "QuoteApp", "QuoteApp\QuoteApp\QuoteApp.shproj", "{B266040B-1659-4349-94BB-80AE2D06345B}"
EndProject
Global
	GlobalSection(SharedMSBuildProjectFiles) = preSolution
		QuoteApp\QuoteApp\QuoteApp.projitems*{6930fcd2-449e-46d0-bda3-7f3ed07dbd72}*SharedItemsImports = 4
		QuoteApp\QuoteApp\QuoteApp.projitems*{b266040b-1659-4349-94bb-80ae2d06345b}*SharedItemsImports = 13
		QuoteApp\QuoteApp\QuoteApp.projitems*{e5d70fb0-3a55-446a-9bd1-48e52c8afc65}*SharedItemsImports = 4
		QuoteApp\QuoteApp\QuoteApp.projitems*{efdd2116-0346-41b7-b7cb-79293619c4ba}*SharedItemsImports = 4
	EndGlobalSection
	GlobalSection(SolutionConfigurationPlatforms) = preSolution
		Ad-Hoc|Any CPU = Ad-Hoc|Any CPU
		Ad-Hoc|ARM = Ad-Hoc|ARM
		Ad-Hoc|iPhone = Ad-Hoc|iPhone
		Ad-Hoc|iPhoneSimulator = Ad-Hoc|iPhoneSimulator
		Ad-Hoc|x64 = Ad-Hoc|x64
		Ad-Hoc|x86 = Ad-Hoc|x86
		AppStore|Any CPU = AppStore|Any CPU
		AppStore|ARM = AppStore|ARM
		AppStore|iPhone = AppStore|iPhone
		AppStore|iPhoneSimulator = AppStore|iPhoneSimulator
		AppStore|x64 = AppStore|x64
		AppStore|x86 = AppStore|x86
		Debug|Any CPU = Debug|Any CPU
		Debug|ARM = Debug|ARM
		Debug|iPhone = Debug|iPhone
		Debug|iPhoneSimulator = Debug|iPhoneSimulator
		Debug|x64 = Debug|x64
		Debug|x86 = Debug|x86
		Release|Any CPU = Release|Any CPU
		Release|ARM = Release|ARM
		Release|iPhone = Release|iPhone
		Release|iPhoneSimulator = Release|iPhoneSimulator
		Release|x64 = Release|x64
		Release|x86 = Release|x86
	EndGlobalSection
	GlobalSection(ProjectConfigurationPlatforms) = postSolution
		{6930FCD2-449E-46D0-BDA3-7F3ED07DBD72}.Ad-Hoc|Any CPU.ActiveCfg = Release|Any CPU
		{6930FCD2-449E-46D0-BDA3-7F3ED07DBD72}.Ad-Hoc|Any CPU.Build.0 = Release|Any CPU
		{6930FCD2-449E-46D0-BDA3-7F3ED07DBD72}.Ad-Hoc|Any CPU.Deploy.0 = Release|Any CPU
		{6930FCD2-449E-46D0-BDA3-7F3ED07DBD72}.Ad-Hoc|ARM.ActiveCfg = Release|Any CPU
		{6930FCD2-449E-46D0-BDA3-7F3ED07DBD72}.Ad-Hoc|ARM.Build.0 = Release|Any CPU
		{6930FCD2-449E-46D0-BDA3-7F3ED07DBD72}.Ad-Hoc|ARM.Deploy.0 = Release|Any CPU
		{6930FCD2-449E-46D0-BDA3-7F3ED07DBD72}.Ad-Hoc|iPhone.ActiveCfg = Release|Any CPU
		{6930FCD2-449E-46D0-BDA3-7F3ED07DBD72}.Ad-Hoc|iPhone.Build.0 = Release|Any CPU
		{6930FCD2-449E-46D0-BDA3-7F3ED07DBD72}.Ad-Hoc|iPhone.Deploy.0 = Release|Any CPU
		{6930FCD2-449E-46D0-BDA3-7F3ED07DBD72}.Ad-Hoc|iPhoneSimulator.ActiveCfg = Release|Any CPU
		{6930FCD2-449E-46D0-BDA3-7F3ED07DBD72}.Ad-Hoc|iPhoneSimulator.Build.0 = Release|Any CPU
		{6930FCD2-449E-46D0-BDA3-7F3ED07DBD72}.Ad-Hoc|iPhoneSimulator.Deploy.0 = Release|Any CPU
		{6930FCD2-449E-46D0-BDA3-7F3ED07DBD72}.Ad-Hoc|x64.ActiveCfg = Release|Any CPU
		{6930FCD2-449E-46D0-BDA3-7F3ED07DBD72}.Ad-Hoc|x64.Build.0 = Release|Any CPU
		{6930FCD2-449E-46D0-BDA3-7F3ED07DBD72}.Ad-Hoc|x64.Deploy.0 = Release|Any CPU
		{6930FCD2-449E-46D0-BDA3-7F3ED07DBD72}.Ad-Hoc|x86.ActiveCfg = Release|Any CPU
		{6930FCD2-449E-46D0-BDA3-7F3ED07DBD72}.Ad-Hoc|x86.Build.0 = Release|Any CPU
		{6930FCD2-449E-46D0-BDA3-7F3ED07DBD72}.Ad-Hoc|x86.Deploy.0 = Release|Any CPU
		{6930FCD2-449E-46D0-BDA3-7F3ED07DBD72}.AppStore|Any CPU.ActiveCfg = Release|Any CPU
		{6930FCD2-449E-46D0-BDA3-7F3ED07DBD72}.AppStore|Any CPU.Build.0 = Release|Any CPU
		{6930FCD2-449E-46D0-BDA3-7F3ED07DBD72}.AppStore|Any CPU.Deploy.0 = Release|Any CPU
		{6930FCD2-449E-46D0-BDA3-7F3ED07DBD72}.AppStore|ARM.ActiveCfg = Release|Any CPU
		{6930FCD2-449E-46D0-BDA3-7F3ED07DBD72}.AppStore|ARM.Build.0 = Release|Any CPU
		{6930FCD2-449E-46D0-BDA3-7F3ED07DBD72}.AppStore|ARM.Deploy.0 = Release|Any CPU
		{6930FCD2-449E-46D0-BDA3-7F3ED07DBD72}.AppStore|iPhone.ActiveCfg = Release|Any CPU
		{6930FCD2-449E-46D0-BDA3-7F3ED07DBD72}.AppStore|iPhone.Build.0 = Release|Any CPU
		{6930FCD2-449E-46D0-BDA3-7F3ED07DBD72}.AppStore|iPhone.Deploy.0 = Release|Any CPU
		{6930FCD2-449E-46D0-BDA3-7F3ED07DBD72}.AppStore|iPhoneSimulator.ActiveCfg = Release|Any CPU
		{6930FCD2-449E-46D0-BDA3-7F3ED07DBD72}.AppStore|iPhoneSimulator.Build.0 = Release|Any CPU
		{6930FCD2-449E-46D0-BDA3-7F3ED07DBD72}.AppStore|iPhoneSimulator.Deploy.0 = Release|Any CPU
		{6930FCD2-449E-46D0-BDA3-7F3ED07DBD72}.AppStore|x64.ActiveCfg = Release|Any CPU
		{6930FCD2-449E-46D0-BDA3-7F3ED07DBD72}.AppStore|x64.Build.0 = Release|Any CPU
		{6930FCD2-449E-46D0-BDA3-7F3ED07DBD72}.AppStore|x64.Deploy.0 = Release|Any CPU
		{6930FCD2-449E-46D0-BDA3-7F3ED07DBD72}.AppStore|x86.ActiveCfg = Release|Any CPU
		{6930FCD2-449E-46D0-BDA3-7F3ED07DBD72}.AppStore|x86.Build.0 = Release|Any CPU
		{6930FCD2-449E-46D0-BDA3-7F3ED07DBD72}.AppStore|x86.Deploy.0 = Release|Any CPU
		{6930FCD2-449E-46D0-BDA3-7F3ED07DBD72}.Debug|Any CPU.ActiveCfg = Debug|Any CPU
		{6930FCD2-449E-46D0-BDA3-7F3ED07DBD72}.Debug|Any CPU.Build.0 = Debug|Any CPU
		{6930FCD2-449E-46D0-BDA3-7F3ED07DBD72}.Debug|Any CPU.Deploy.0 = Debug|Any CPU
		{6930FCD2-449E-46D0-BDA3-7F3ED07DBD72}.Debug|ARM.ActiveCfg = Debug|Any CPU
		{6930FCD2-449E-46D0-BDA3-7F3ED07DBD72}.Debug|ARM.Build.0 = Debug|Any CPU
		{6930FCD2-449E-46D0-BDA3-7F3ED07DBD72}.Debug|ARM.Deploy.0 = Debug|Any CPU
		{6930FCD2-449E-46D0-BDA3-7F3ED07DBD72}.Debug|iPhone.ActiveCfg = Debug|Any CPU
		{6930FCD2-449E-46D0-BDA3-7F3ED07DBD72}.Debug|iPhone.Build.0 = Debug|Any CPU
		{6930FCD2-449E-46D0-BDA3-7F3ED07DBD72}.Debug|iPhone.Deploy.0 = Debug|Any CPU
		{6930FCD2-449E-46D0-BDA3-7F3ED07DBD72}.Debug|iPhoneSimulator.ActiveCfg = Debug|Any CPU
		{6930FCD2-449E-46D0-BDA3-7F3ED07DBD72}.Debug|iPhoneSimulator.Build.0 = Debug|Any CPU
		{6930FCD2-449E-46D0-BDA3-7F3ED07DBD72}.Debug|iPhoneSimulator.Deploy.0 = Debug|Any CPU
		{6930FCD2-449E-46D0-BDA3-7F3ED07DBD72}.Debug|x64.ActiveCfg = Debug|Any CPU
		{6930FCD2-449E-46D0-BDA3-7F3ED07DBD72}.Debug|x64.Build.0 = Debug|Any CPU
		{6930FCD2-449E-46D0-BDA3-7F3ED07DBD72}.Debug|x64.Deploy.0 = Debug|Any CPU
		{6930FCD2-449E-46D0-BDA3-7F3ED07DBD72}.Debug|x86.ActiveCfg = Debug|Any CPU
		{6930FCD2-449E-46D0-BDA3-7F3ED07DBD72}.Debug|x86.Build.0 = Debug|Any CPU
		{6930FCD2-449E-46D0-BDA3-7F3ED07DBD72}.Debug|x86.Deploy.0 = Debug|Any CPU
		{6930FCD2-449E-46D0-BDA3-7F3ED07DBD72}.Release|Any CPU.ActiveCfg = Release|Any CPU
		{6930FCD2-449E-46D0-BDA3-7F3ED07DBD72}.Release|Any CPU.Build.0 = Release|Any CPU
		{6930FCD2-449E-46D0-BDA3-7F3ED07DBD72}.Release|Any CPU.Deploy.0 = Release|Any CPU
		{6930FCD2-449E-46D0-BDA3-7F3ED07DBD72}.Release|ARM.ActiveCfg = Release|Any CPU
		{6930FCD2-449E-46D0-BDA3-7F3ED07DBD72}.Release|ARM.Build.0 = Release|Any CPU
		{6930FCD2-449E-46D0-BDA3-7F3ED07DBD72}.Release|ARM.Deploy.0 = Release|Any CPU
		{6930FCD2-449E-46D0-BDA3-7F3ED07DBD72}.Release|iPhone.ActiveCfg = Release|Any CPU
		{6930FCD2-449E-46D0-BDA3-7F3ED07DBD72}.Release|iPhone.Build.0 = Release|Any CPU
		{6930FCD2-449E-46D0-BDA3-7F3ED07DBD72}.Release|iPhone.Deploy.0 = Release|Any CPU
		{6930FCD2-449E-46D0-BDA3-7F3ED07DBD72}.Release|iPhoneSimulator.ActiveCfg = Release|Any CPU
		{6930FCD2-449E-46D0-BDA3-7F3ED07DBD72}.Release|iPhoneSimulator.Build.0 = Release|Any CPU
		{6930FCD2-449E-46D0-BDA3-7F3ED07DBD72}.Release|iPhoneSimulator.Deploy.0 = Release|Any CPU
		{6930FCD2-449E-46D0-BDA3-7F3ED07DBD72}.Release|x64.ActiveCfg = Release|Any CPU
		{6930FCD2-449E-46D0-BDA3-7F3ED07DBD72}.Release|x64.Build.0 = Release|Any CPU
		{6930FCD2-449E-46D0-BDA3-7F3ED07DBD72}.Release|x64.Deploy.0 = Release|Any CPU
		{6930FCD2-449E-46D0-BDA3-7F3ED07DBD72}.Release|x86.ActiveCfg = Release|Any CPU
		{6930FCD2-449E-46D0-BDA3-7F3ED07DBD72}.Release|x86.Build.0 = Release|Any CPU
		{6930FCD2-449E-46D0-BDA3-7F3ED07DBD72}.Release|x86.Deploy.0 = Release|Any CPU
		{EFDD2116-0346-41B7-B7CB-79293619C4BA}.Ad-Hoc|Any CPU.ActiveCfg = Ad-Hoc|iPhone
		{EFDD2116-0346-41B7-B7CB-79293619C4BA}.Ad-Hoc|ARM.ActiveCfg = Ad-Hoc|iPhone
		{EFDD2116-0346-41B7-B7CB-79293619C4BA}.Ad-Hoc|iPhone.ActiveCfg = Ad-Hoc|iPhone
		{EFDD2116-0346-41B7-B7CB-79293619C4BA}.Ad-Hoc|iPhone.Build.0 = Ad-Hoc|iPhone
		{EFDD2116-0346-41B7-B7CB-79293619C4BA}.Ad-Hoc|iPhoneSimulator.ActiveCfg = Ad-Hoc|iPhoneSimulator
		{EFDD2116-0346-41B7-B7CB-79293619C4BA}.Ad-Hoc|iPhoneSimulator.Build.0 = Ad-Hoc|iPhoneSimulator
		{EFDD2116-0346-41B7-B7CB-79293619C4BA}.Ad-Hoc|x64.ActiveCfg = Ad-Hoc|iPhone
		{EFDD2116-0346-41B7-B7CB-79293619C4BA}.Ad-Hoc|x86.ActiveCfg = Ad-Hoc|iPhone
		{EFDD2116-0346-41B7-B7CB-79293619C4BA}.AppStore|Any CPU.ActiveCfg = AppStore|iPhone
		{EFDD2116-0346-41B7-B7CB-79293619C4BA}.AppStore|ARM.ActiveCfg = AppStore|iPhone
		{EFDD2116-0346-41B7-B7CB-79293619C4BA}.AppStore|iPhone.ActiveCfg = AppStore|iPhone
		{EFDD2116-0346-41B7-B7CB-79293619C4BA}.AppStore|iPhone.Build.0 = AppStore|iPhone
		{EFDD2116-0346-41B7-B7CB-79293619C4BA}.AppStore|iPhoneSimulator.ActiveCfg = AppStore|iPhoneSimulator
		{EFDD2116-0346-41B7-B7CB-79293619C4BA}.AppStore|iPhoneSimulator.Build.0 = AppStore|iPhoneSimulator
		{EFDD2116-0346-41B7-B7CB-79293619C4BA}.AppStore|x64.ActiveCfg = AppStore|iPhone
		{EFDD2116-0346-41B7-B7CB-79293619C4BA}.AppStore|x86.ActiveCfg = AppStore|iPhone
		{EFDD2116-0346-41B7-B7CB-79293619C4BA}.Debug|Any CPU.ActiveCfg = Debug|iPhone
		{EFDD2116-0346-41B7-B7CB-79293619C4BA}.Debug|ARM.ActiveCfg = Debug|iPhone
		{EFDD2116-0346-41B7-B7CB-79293619C4BA}.Debug|iPhone.ActiveCfg = Debug|iPhone
		{EFDD2116-0346-41B7-B7CB-79293619C4BA}.Debug|iPhone.Build.0 = Debug|iPhone
		{EFDD2116-0346-41B7-B7CB-79293619C4BA}.Debug|iPhoneSimulator.ActiveCfg = Debug|iPhoneSimulator
		{EFDD2116-0346-41B7-B7CB-79293619C4BA}.Debug|iPhoneSimulator.Build.0 = Debug|iPhoneSimulator
		{EFDD2116-0346-41B7-B7CB-79293619C4BA}.Debug|x64.ActiveCfg = Debug|iPhone
		{EFDD2116-0346-41B7-B7CB-79293619C4BA}.Debug|x86.ActiveCfg = Debug|iPhone
		{EFDD2116-0346-41B7-B7CB-79293619C4BA}.Release|Any CPU.ActiveCfg = Release|iPhone
		{EFDD2116-0346-41B7-B7CB-79293619C4BA}.Release|ARM.ActiveCfg = Release|iPhone
		{EFDD2116-0346-41B7-B7CB-79293619C4BA}.Release|iPhone.ActiveCfg = Release|iPhone
		{EFDD2116-0346-41B7-B7CB-79293619C4BA}.Release|iPhone.Build.0 = Release|iPhone
		{EFDD2116-0346-41B7-B7CB-79293619C4BA}.Release|iPhoneSimulator.ActiveCfg = Release|iPhoneSimulator
		{EFDD2116-0346-41B7-B7CB-79293619C4BA}.Release|iPhoneSimulator.Build.0 = Release|iPhoneSimulator
		{EFDD2116-0346-41B7-B7CB-79293619C4BA}.Release|x64.ActiveCfg = Release|iPhone
		{EFDD2116-0346-41B7-B7CB-79293619C4BA}.Release|x86.ActiveCfg = Release|iPhone
		{E5D70FB0-3A55-446A-9BD1-48E52C8AFC65}.Ad-Hoc|Any CPU.ActiveCfg = Release|x86
		{E5D70FB0-3A55-446A-9BD1-48E52C8AFC65}.Ad-Hoc|Any CPU.Build.0 = Release|x86
		{E5D70FB0-3A55-446A-9BD1-48E52C8AFC65}.Ad-Hoc|Any CPU.Deploy.0 = Release|x86
		{E5D70FB0-3A55-446A-9BD1-48E52C8AFC65}.Ad-Hoc|ARM.ActiveCfg = Release|ARM
		{E5D70FB0-3A55-446A-9BD1-48E52C8AFC65}.Ad-Hoc|ARM.Build.0 = Release|ARM
		{E5D70FB0-3A55-446A-9BD1-48E52C8AFC65}.Ad-Hoc|ARM.Deploy.0 = Release|ARM
		{E5D70FB0-3A55-446A-9BD1-48E52C8AFC65}.Ad-Hoc|iPhone.ActiveCfg = Release|x86
		{E5D70FB0-3A55-446A-9BD1-48E52C8AFC65}.Ad-Hoc|iPhone.Build.0 = Release|x86
		{E5D70FB0-3A55-446A-9BD1-48E52C8AFC65}.Ad-Hoc|iPhone.Deploy.0 = Release|x86
		{E5D70FB0-3A55-446A-9BD1-48E52C8AFC65}.Ad-Hoc|iPhoneSimulator.ActiveCfg = Release|x86
		{E5D70FB0-3A55-446A-9BD1-48E52C8AFC65}.Ad-Hoc|iPhoneSimulator.Build.0 = Release|x86
		{E5D70FB0-3A55-446A-9BD1-48E52C8AFC65}.Ad-Hoc|iPhoneSimulator.Deploy.0 = Release|x86
		{E5D70FB0-3A55-446A-9BD1-48E52C8AFC65}.Ad-Hoc|x64.ActiveCfg = Release|x64
		{E5D70FB0-3A55-446A-9BD1-48E52C8AFC65}.Ad-Hoc|x64.Build.0 = Release|x64
		{E5D70FB0-3A55-446A-9BD1-48E52C8AFC65}.Ad-Hoc|x64.Deploy.0 = Release|x64
		{E5D70FB0-3A55-446A-9BD1-48E52C8AFC65}.Ad-Hoc|x86.ActiveCfg = Release|x86
		{E5D70FB0-3A55-446A-9BD1-48E52C8AFC65}.Ad-Hoc|x86.Build.0 = Release|x86
		{E5D70FB0-3A55-446A-9BD1-48E52C8AFC65}.Ad-Hoc|x86.Deploy.0 = Release|x86
		{E5D70FB0-3A55-446A-9BD1-48E52C8AFC65}.AppStore|Any CPU.ActiveCfg = Release|x86
		{E5D70FB0-3A55-446A-9BD1-48E52C8AFC65}.AppStore|Any CPU.Build.0 = Release|x86
		{E5D70FB0-3A55-446A-9BD1-48E52C8AFC65}.AppStore|Any CPU.Deploy.0 = Release|x86
		{E5D70FB0-3A55-446A-9BD1-48E52C8AFC65}.AppStore|ARM.ActiveCfg = Release|ARM
		{E5D70FB0-3A55-446A-9BD1-48E52C8AFC65}.AppStore|ARM.Build.0 = Release|ARM
		{E5D70FB0-3A55-446A-9BD1-48E52C8AFC65}.AppStore|ARM.Deploy.0 = Release|ARM
		{E5D70FB0-3A55-446A-9BD1-48E52C8AFC65}.AppStore|iPhone.ActiveCfg = Release|x86
		{E5D70FB0-3A55-446A-9BD1-48E52C8AFC65}.AppStore|iPhone.Build.0 = Release|x86
		{E5D70FB0-3A55-446A-9BD1-48E52C8AFC65}.AppStore|iPhone.Deploy.0 = Release|x86
		{E5D70FB0-3A55-446A-9BD1-48E52C8AFC65}.AppStore|iPhoneSimulator.ActiveCfg = Release|x86
		{E5D70FB0-3A55-446A-9BD1-48E52C8AFC65}.AppStore|iPhoneSimulator.Build.0 = Release|x86
		{E5D70FB0-3A55-446A-9BD1-48E52C8AFC65}.AppStore|iPhoneSimulator.Deploy.0 = Release|x86
		{E5D70FB0-3A55-446A-9BD1-48E52C8AFC65}.AppStore|x64.ActiveCfg = Release|x64
		{E5D70FB0-3A55-446A-9BD1-48E52C8AFC65}.AppStore|x64.Build.0 = Release|x64
		{E5D70FB0-3A55-446A-9BD1-48E52C8AFC65}.AppStore|x64.Deploy.0 = Release|x64
		{E5D70FB0-3A55-446A-9BD1-48E52C8AFC65}.AppStore|x86.ActiveCfg = Release|x86
		{E5D70FB0-3A55-446A-9BD1-48E52C8AFC65}.AppStore|x86.Build.0 = Release|x86
		{E5D70FB0-3A55-446A-9BD1-48E52C8AFC65}.AppStore|x86.Deploy.0 = Release|x86
		{E5D70FB0-3A55-446A-9BD1-48E52C8AFC65}.Debug|Any CPU.ActiveCfg = Debug|x86
		{E5D70FB0-3A55-446A-9BD1-48E52C8AFC65}.Debug|ARM.ActiveCfg = Debug|ARM
		{E5D70FB0-3A55-446A-9BD1-48E52C8AFC65}.Debug|ARM.Build.0 = Debug|ARM
		{E5D70FB0-3A55-446A-9BD1-48E52C8AFC65}.Debug|ARM.Deploy.0 = Debug|ARM
		{E5D70FB0-3A55-446A-9BD1-48E52C8AFC65}.Debug|iPhone.ActiveCfg = Debug|x86
		{E5D70FB0-3A55-446A-9BD1-48E52C8AFC65}.Debug|iPhoneSimulator.ActiveCfg = Debug|x86
		{E5D70FB0-3A55-446A-9BD1-48E52C8AFC65}.Debug|x64.ActiveCfg = Debug|x64
		{E5D70FB0-3A55-446A-9BD1-48E52C8AFC65}.Debug|x64.Build.0 = Debug|x64
		{E5D70FB0-3A55-446A-9BD1-48E52C8AFC65}.Debug|x64.Deploy.0 = Debug|x64
		{E5D70FB0-3A55-446A-9BD1-48E52C8AFC65}.Debug|x86.ActiveCfg = Debug|x86
		{E5D70FB0-3A55-446A-9BD1-48E52C8AFC65}.Debug|x86.Build.0 = Debug|x86
		{E5D70FB0-3A55-446A-9BD1-48E52C8AFC65}.Debug|x86.Deploy.0 = Debug|x86
		{E5D70FB0-3A55-446A-9BD1-48E52C8AFC65}.Release|Any CPU.ActiveCfg = Release|x86
		{E5D70FB0-3A55-446A-9BD1-48E52C8AFC65}.Release|ARM.ActiveCfg = Release|ARM
		{E5D70FB0-3A55-446A-9BD1-48E52C8AFC65}.Release|ARM.Build.0 = Release|ARM
		{E5D70FB0-3A55-446A-9BD1-48E52C8AFC65}.Release|ARM.Deploy.0 = Release|ARM
		{E5D70FB0-3A55-446A-9BD1-48E52C8AFC65}.Release|iPhone.ActiveCfg = Release|x86
		{E5D70FB0-3A55-446A-9BD1-48E52C8AFC65}.Release|iPhoneSimulator.ActiveCfg = Release|x86
		{E5D70FB0-3A55-446A-9BD1-48E52C8AFC65}.Release|x64.ActiveCfg = Release|x64
		{E5D70FB0-3A55-446A-9BD1-48E52C8AFC65}.Release|x64.Build.0 = Release|x64
		{E5D70FB0-3A55-446A-9BD1-48E52C8AFC65}.Release|x64.Deploy.0 = Release|x64
		{E5D70FB0-3A55-446A-9BD1-48E52C8AFC65}.Release|x86.ActiveCfg = Release|x86
		{E5D70FB0-3A55-446A-9BD1-48E52C8AFC65}.Release|x86.Build.0 = Release|x86
		{E5D70FB0-3A55-446A-9BD1-48E52C8AFC65}.Release|x86.Deploy.0 = Release|x86
	EndGlobalSection
	GlobalSection(SolutionProperties) = preSolution
		HideSolutionNode = FALSE
	EndGlobalSection
	GlobalSection(ExtensibilityGlobals) = postSolution
		SolutionGuid = {60E64650-9D57-4F87-AC55-20E9466A166E}
	EndGlobalSection
EndGlobal
